version: 6
environments:
  default:
    channels:
    - url: https://conda.anaconda.org/conda-forge/
    packages:
      linux-64:
      - conda: https://conda.anaconda.org/conda-forge/linux-64/_libgcc_mutex-0.1-conda_forge.tar.bz2
      - conda: https://conda.anaconda.org/conda-forge/linux-64/_openmp_mutex-4.5-2_gnu.tar.bz2
      - conda: https://conda.anaconda.org/conda-forge/linux-64/bzip2-1.0.8-h4bc722e_7.conda
      - conda: https://conda.anaconda.org/conda-forge/noarch/ca-certificates-2025.8.3-hbd8a1cb_0.conda
      - conda: https://conda.anaconda.org/conda-forge/linux-64/ld_impl_linux-64-2.44-h1423503_1.conda
      - conda: https://conda.anaconda.org/conda-forge/linux-64/libblas-3.9.0-34_h59b9bed_openblas.conda
      - conda: https://conda.anaconda.org/conda-forge/linux-64/libcblas-3.9.0-34_he106b2a_openblas.conda
      - conda: https://conda.anaconda.org/conda-forge/linux-64/libexpat-2.7.1-hecca717_0.conda
      - conda: https://conda.anaconda.org/conda-forge/linux-64/libffi-3.4.6-h2dba641_1.conda
      - conda: https://conda.anaconda.org/conda-forge/linux-64/libgcc-14.3.0-h767d61c_4.conda
      - conda: https://conda.anaconda.org/conda-forge/linux-64/libgcc-ng-14.3.0-h69a702a_4.conda
      - conda: https://conda.anaconda.org/conda-forge/linux-64/libgfortran-14.3.0-h69a702a_4.conda
      - conda: https://conda.anaconda.org/conda-forge/linux-64/libgfortran5-14.3.0-h8004f2c_4.conda
      - conda: https://conda.anaconda.org/conda-forge/linux-64/libgomp-14.3.0-h767d61c_4.conda
      - conda: https://conda.anaconda.org/conda-forge/linux-64/liblapack-3.9.0-34_h7ac8fdf_openblas.conda
      - conda: https://conda.anaconda.org/conda-forge/linux-64/liblzma-5.8.1-hb9d3cd8_2.conda
      - conda: https://conda.anaconda.org/conda-forge/linux-64/libnsl-2.0.1-hb9d3cd8_1.conda
      - conda: https://conda.anaconda.org/conda-forge/linux-64/libopenblas-0.3.30-pthreads_h94d23a6_1.conda
      - conda: https://conda.anaconda.org/conda-forge/linux-64/libsqlite-3.50.4-h0c1763c_0.conda
      - conda: https://conda.anaconda.org/conda-forge/linux-64/libstdcxx-14.3.0-h8f9b012_4.conda
      - conda: https://conda.anaconda.org/conda-forge/linux-64/libstdcxx-ng-14.3.0-h4852527_4.conda
      - conda: https://conda.anaconda.org/conda-forge/linux-64/libuuid-2.38.1-h0b41bf4_0.conda
      - conda: https://conda.anaconda.org/conda-forge/linux-64/libxcrypt-4.4.36-hd590300_1.conda
      - conda: https://conda.anaconda.org/conda-forge/linux-64/libzlib-1.3.1-hb9d3cd8_2.conda
      - conda: https://conda.anaconda.org/conda-forge/linux-64/ncurses-6.5-h2d0b736_3.conda
      - conda: https://conda.anaconda.org/conda-forge/linux-64/numpy-2.3.2-py312h33ff503_0.conda
      - conda: https://conda.anaconda.org/conda-forge/linux-64/openssl-3.5.2-h26f9b46_0.conda
      - conda: https://conda.anaconda.org/conda-forge/linux-64/python-3.12.11-h9e4cc4f_0_cpython.conda
      - conda: https://conda.anaconda.org/conda-forge/noarch/python_abi-3.12-8_cp312.conda
      - conda: https://conda.anaconda.org/conda-forge/linux-64/readline-8.2-h8c095d6_2.conda
      - conda: https://conda.anaconda.org/conda-forge/linux-64/scipy-1.16.1-py312h4ebe9ca_0.conda
      - conda: https://conda.anaconda.org/conda-forge/linux-64/tk-8.6.13-noxft_hd72426e_102.conda
      - conda: https://conda.anaconda.org/conda-forge/noarch/tzdata-2025b-h78e105d_0.conda
packages:
- conda: https://conda.anaconda.org/conda-forge/linux-64/_libgcc_mutex-0.1-conda_forge.tar.bz2
  sha256: fe51de6107f9edc7aa4f786a70f4a883943bc9d39b3bb7307c04c41410990726
  md5: d7c89558ba9fa0495403155b64376d81
  arch: x86_64
  platform: linux
  license: None
  size: 2562
  timestamp: 1578324546067
- conda: https://conda.anaconda.org/conda-forge/linux-64/_openmp_mutex-4.5-2_gnu.tar.bz2
  build_number: 16
  sha256: fbe2c5e56a653bebb982eda4876a9178aedfc2b545f25d0ce9c4c0b508253d22
  md5: 73aaf86a425cc6e73fcf236a5a46396d
  depends:
  - _libgcc_mutex 0.1 conda_forge
  - libgomp >=7.5.0
  constrains:
  - openmp_impl 9999
  arch: x86_64
  platform: linux
  license: BSD-3-Clause
  license_family: BSD
  size: 23621
  timestamp: 1650670423406
- conda: https://conda.anaconda.org/conda-forge/linux-64/bzip2-1.0.8-h4bc722e_7.conda
  sha256: 5ced96500d945fb286c9c838e54fa759aa04a7129c59800f0846b4335cee770d
  md5: 62ee74e96c5ebb0af99386de58cf9553
  depends:
  - __glibc >=2.17,<3.0.a0
  - libgcc-ng >=12
  arch: x86_64
  platform: linux
  license: bzip2-1.0.6
  license_family: BSD
  size: 252783
  timestamp: 1720974456583
- conda: https://conda.anaconda.org/conda-forge/noarch/ca-certificates-2025.8.3-hbd8a1cb_0.conda
  sha256: 837b795a2bb39b75694ba910c13c15fa4998d4bb2a622c214a6a5174b2ae53d1
  md5: 74784ee3d225fc3dca89edb635b4e5cc
  depends:
  - __unix
  license: ISC
  size: 154402
  timestamp: 1754210968730
- conda: https://conda.anaconda.org/conda-forge/linux-64/ld_impl_linux-64-2.44-h1423503_1.conda
  sha256: 1a620f27d79217c1295049ba214c2f80372062fd251b569e9873d4a953d27554
  md5: 0be7c6e070c19105f966d3758448d018
  depends:
  - __glibc >=2.17,<3.0.a0
  constrains:
  - binutils_impl_linux-64 2.44
  arch: x86_64
  platform: linux
  license: GPL-3.0-only
  license_family: GPL
  size: 676044
  timestamp: 1752032747103
- conda: https://conda.anaconda.org/conda-forge/linux-64/libblas-3.9.0-34_h59b9bed_openblas.conda
  build_number: 34
  sha256: 08a394ba934f68f102298259b150eb5c17a97c30c6da618e1baab4247366eab3
  md5: 064c22bac20fecf2a99838f9b979374c
  depends:
  - libopenblas >=0.3.30,<0.3.31.0a0
  - libopenblas >=0.3.30,<1.0a0
  constrains:
  - mkl <2025
  - blas 2.134   openblas
  - liblapacke 3.9.0   34*_openblas
  - libcblas   3.9.0   34*_openblas
  - liblapack  3.9.0   34*_openblas
  arch: x86_64
  platform: linux
  license: BSD-3-Clause
  license_family: BSD
  size: 19306
  timestamp: 1754678416811
- conda: https://conda.anaconda.org/conda-forge/linux-64/libcblas-3.9.0-34_he106b2a_openblas.conda
  build_number: 34
  sha256: edde454897c7889c0323216516abb570a593de728c585b14ef41eda2b08ddf3a
  md5: 148b531b5457ad666ed76ceb4c766505
  depends:
  - libblas 3.9.0 34_h59b9bed_openblas
  constrains:
  - liblapacke 3.9.0   34*_openblas
  - blas 2.134   openblas
  - liblapack  3.9.0   34*_openblas
  arch: x86_64
  platform: linux
  license: BSD-3-Clause
  license_family: BSD
  size: 19313
  timestamp: 1754678426220
- conda: https://conda.anaconda.org/conda-forge/linux-64/libexpat-2.7.1-hecca717_0.conda
  sha256: da2080da8f0288b95dd86765c801c6e166c4619b910b11f9a8446fb852438dc2
  md5: 4211416ecba1866fab0c6470986c22d6
  depends:
  - __glibc >=2.17,<3.0.a0
  - libgcc >=14
  constrains:
  - expat 2.7.1.*
  arch: x86_64
  platform: linux
  license: MIT
  license_family: MIT
  size: 74811
  timestamp: 1752719572741
- conda: https://conda.anaconda.org/conda-forge/linux-64/libffi-3.4.6-h2dba641_1.conda
  sha256: 764432d32db45466e87f10621db5b74363a9f847d2b8b1f9743746cd160f06ab
  md5: ede4673863426c0883c0063d853bbd85
  depends:
  - __glibc >=2.17,<3.0.a0
  - libgcc >=13
  arch: x86_64
  platform: linux
  license: MIT
  license_family: MIT
  size: 57433
  timestamp: 1743434498161
- conda: https://conda.anaconda.org/conda-forge/linux-64/libgcc-14.3.0-h767d61c_4.conda
  sha256: 47b6718920c645dd740f8806499bcf8defa22b67da3baa77b4544a226cbe15f5
  md5: a25420b72968909e76fdabb353df90db
  depends:
  - __glibc >=2.17,<3.0.a0
  - _openmp_mutex >=4.5
  constrains:
  - libgcc-ng ==14.3.0=*_4
  - libgomp 14.3.0 h767d61c_4
  arch: x86_64
  platform: linux
  license: GPL-3.0-only WITH GCC-exception-3.1
  license_family: GPL
  size: 821339
  timestamp: 1753904833672
- conda: https://conda.anaconda.org/conda-forge/linux-64/libgcc-ng-14.3.0-h69a702a_4.conda
  sha256: 9443b5759459da770aea997d6dd42c9d34fd5406e30236e077e8e9c3b0693234
  md5: 93728c3dbed6878585f82e0706ad7411
  depends:
  - libgcc 14.3.0 h767d61c_4
  arch: x86_64
  platform: linux
  license: GPL-3.0-only WITH GCC-exception-3.1
  license_family: GPL
  size: 29214
  timestamp: 1753904845089
- conda: https://conda.anaconda.org/conda-forge/linux-64/libgfortran-14.3.0-h69a702a_4.conda
  sha256: 94ee0721996950dba48c08ef62d3be752439b9901651ff71fd1b223a4fb0d065
  md5: d00e32055baab616d1278a9adc0667b8
  depends:
  - libgfortran5 14.3.0 h8004f2c_4
  constrains:
  - libgfortran-ng ==14.3.0=*_4
  arch: x86_64
  platform: linux
  license: GPL-3.0-only WITH GCC-exception-3.1
  license_family: GPL
  size: 29212
  timestamp: 1753904885674
- conda: https://conda.anaconda.org/conda-forge/linux-64/libgfortran5-14.3.0-h8004f2c_4.conda
  sha256: 6e5f938d1038bf679a768a77171e1570954067a9c656bd76112e9f8d4c7ca2f9
  md5: 0c9c1c7126b3c40d8d3f087429b4ab58
  depends:
  - __glibc >=2.17,<3.0.a0
  - libgcc >=14.3.0
  constrains:
  - libgfortran 14.3.0
  arch: x86_64
  platform: linux
  license: GPL-3.0-only WITH GCC-exception-3.1
  license_family: GPL
  size: 1436157
  timestamp: 1753904859847
- conda: https://conda.anaconda.org/conda-forge/linux-64/libgomp-14.3.0-h767d61c_4.conda
  sha256: 72de7a1e51348954b924e8267079038ebfb516179f4bf76184f4b045c60e5f09
  md5: e365fa4e7f0dd438ad61d5a0422842f4
  depends:
  - __glibc >=2.17,<3.0.a0
  arch: x86_64
  platform: linux
  license: GPL-3.0-only WITH GCC-exception-3.1
  license_family: GPL
  size: 435305
  timestamp: 1753904730692
- conda: https://conda.anaconda.org/conda-forge/linux-64/liblapack-3.9.0-34_h7ac8fdf_openblas.conda
  build_number: 34
  sha256: 9c941d5da239f614b53065bc5f8a705899326c60c9f349d9fbd7bd78298f13ab
  md5: f05a31377b4d9a8d8740f47d1e70b70e
  depends:
  - libblas 3.9.0 34_h59b9bed_openblas
  constrains:
  - liblapacke 3.9.0   34*_openblas
  - libcblas   3.9.0   34*_openblas
  - blas 2.134   openblas
  arch: x86_64
  platform: linux
  license: BSD-3-Clause
  license_family: BSD
  size: 19324
  timestamp: 1754678435277
- conda: https://conda.anaconda.org/conda-forge/linux-64/liblzma-5.8.1-hb9d3cd8_2.conda
  sha256: f2591c0069447bbe28d4d696b7fcb0c5bd0b4ac582769b89addbcf26fb3430d8
  md5: 1a580f7796c7bf6393fddb8bbbde58dc
  depends:
  - __glibc >=2.17,<3.0.a0
  - libgcc >=13
  constrains:
  - xz 5.8.1.*
  arch: x86_64
  platform: linux
  license: 0BSD
  size: 112894
  timestamp: 1749230047870
- conda: https://conda.anaconda.org/conda-forge/linux-64/libnsl-2.0.1-hb9d3cd8_1.conda
  sha256: 927fe72b054277cde6cb82597d0fcf6baf127dcbce2e0a9d8925a68f1265eef5
  md5: d864d34357c3b65a4b731f78c0801dc4
  depends:
  - __glibc >=2.17,<3.0.a0
  - libgcc >=13
  arch: x86_64
  platform: linux
  license: LGPL-2.1-only
  license_family: GPL
  size: 33731
  timestamp: 1750274110928
- conda: https://conda.anaconda.org/conda-forge/linux-64/libopenblas-0.3.30-pthreads_h94d23a6_1.conda
  sha256: 3f3fc30fe340bc7f8f46fea6a896da52663b4d95caed1f144e8ea114b4bb6b61
  md5: 7e2ba4ca7e6ffebb7f7fc2da2744df61
  depends:
  - __glibc >=2.17,<3.0.a0
  - libgcc >=14
  - libgfortran
  - libgfortran5 >=14.3.0
  constrains:
  - openblas >=0.3.30,<0.3.31.0a0
  arch: x86_64
  platform: linux
  license: BSD-3-Clause
  license_family: BSD
  size: 5918161
  timestamp: 1753405234435
- conda: https://conda.anaconda.org/conda-forge/linux-64/libsqlite-3.50.4-h0c1763c_0.conda
  sha256: 6d9c32fc369af5a84875725f7ddfbfc2ace795c28f246dc70055a79f9b2003da
  md5: 0b367fad34931cb79e0d6b7e5c06bb1c
  depends:
  - __glibc >=2.17,<3.0.a0
  - libgcc >=14
  - libzlib >=1.3.1,<2.0a0
  arch: x86_64
  platform: linux
  license: blessing
  size: 932581
  timestamp: 1753948484112
- conda: https://conda.anaconda.org/conda-forge/linux-64/libstdcxx-14.3.0-h8f9b012_4.conda
  sha256: aeebb2b0de07f93faf12851d4013fb20328ed7f135debc48911f48f66a2025b9
  md5: 3b90fbdf4674eb77d832a1651e7640d4
  depends:
  - __glibc >=2.17,<3.0.a0
  - libgcc 14.3.0 h767d61c_4
  arch: x86_64
  platform: linux
  license: GPL-3.0-only WITH GCC-exception-3.1
  license_family: GPL
  size: 3863902
  timestamp: 1753904878143
- conda: https://conda.anaconda.org/conda-forge/linux-64/libstdcxx-ng-14.3.0-h4852527_4.conda
  sha256: 624362ab333549a748743d28b17f5a46aa6147cabb1b1efff2a8ea061f58ed67
  md5: 3d2dcca8be54573112df0dccd6af6357
  depends:
  - libstdcxx 14.3.0 h8f9b012_4
  arch: x86_64
  platform: linux
  license: GPL-3.0-only WITH GCC-exception-3.1
  license_family: GPL
  size: 29278
  timestamp: 1753904929313
- conda: https://conda.anaconda.org/conda-forge/linux-64/libuuid-2.38.1-h0b41bf4_0.conda
  sha256: 787eb542f055a2b3de553614b25f09eefb0a0931b0c87dbcce6efdfd92f04f18
  md5: 40b61aab5c7ba9ff276c41cfffe6b80b
  depends:
  - libgcc-ng >=12
  arch: x86_64
  platform: linux
  license: BSD-3-Clause
  license_family: BSD
  size: 33601
  timestamp: 1680112270483
- conda: https://conda.anaconda.org/conda-forge/linux-64/libxcrypt-4.4.36-hd590300_1.conda
  sha256: 6ae68e0b86423ef188196fff6207ed0c8195dd84273cb5623b85aa08033a410c
  md5: 5aa797f8787fe7a17d1b0821485b5adc
  depends:
  - libgcc-ng >=12
  arch: x86_64
  platform: linux
  license: LGPL-2.1-or-later
  size: 100393
  timestamp: 1702724383534
- conda: https://conda.anaconda.org/conda-forge/linux-64/libzlib-1.3.1-hb9d3cd8_2.conda
  sha256: d4bfe88d7cb447768e31650f06257995601f89076080e76df55e3112d4e47dc4
  md5: edb0dca6bc32e4f4789199455a1dbeb8
  depends:
  - __glibc >=2.17,<3.0.a0
  - libgcc >=13
  constrains:
  - zlib 1.3.1 *_2
  arch: x86_64
  platform: linux
  license: Zlib
  license_family: Other
  size: 60963
  timestamp: 1727963148474
- conda: https://conda.anaconda.org/conda-forge/linux-64/ncurses-6.5-h2d0b736_3.conda
  sha256: 3fde293232fa3fca98635e1167de6b7c7fda83caf24b9d6c91ec9eefb4f4d586
  md5: 47e340acb35de30501a76c7c799c41d7
  depends:
  - __glibc >=2.17,<3.0.a0
  - libgcc >=13
  arch: x86_64
  platform: linux
  license: X11 AND BSD-3-Clause
  size: 891641
  timestamp: 1738195959188
- conda: https://conda.anaconda.org/conda-forge/linux-64/numpy-2.3.2-py312h33ff503_0.conda
  sha256: d54e52df67e0be7e5faa9e6f0efccea3d72f635a3159cc151c4668e5159f6ef3
  md5: 3f6efbc40eb13f019c856c410fa921d2
  depends:
  - python
  - libgcc >=14
  - __glibc >=2.17,<3.0.a0
  - libstdcxx >=14
  - libgcc >=14
  - libblas >=3.9.0,<4.0a0
  - python_abi 3.12.* *_cp312
  - libcblas >=3.9.0,<4.0a0
  - liblapack >=3.9.0,<4.0a0
  constrains:
  - numpy-base <0a0
  arch: x86_64
  platform: linux
  license: BSD-3-Clause
  license_family: BSD
  size: 8785045
  timestamp: 1753401550884
- conda: https://conda.anaconda.org/conda-forge/linux-64/openssl-3.5.2-h26f9b46_0.conda
  sha256: c9f54d4e8212f313be7b02eb962d0cb13a8dae015683a403d3accd4add3e520e
  md5: ffffb341206dd0dab0c36053c048d621
  depends:
  - __glibc >=2.17,<3.0.a0
  - ca-certificates
  - libgcc >=14
  arch: x86_64
  platform: linux
  license: Apache-2.0
  license_family: Apache
  size: 3128847
  timestamp: 1754465526100
- conda: https://conda.anaconda.org/conda-forge/linux-64/python-3.12.11-h9e4cc4f_0_cpython.conda
  sha256: 6cca004806ceceea9585d4d655059e951152fc774a471593d4f5138e6a54c81d
  md5: 94206474a5608243a10c92cefbe0908f
  depends:
  - __glibc >=2.17,<3.0.a0
  - bzip2 >=1.0.8,<2.0a0
  - ld_impl_linux-64 >=2.36.1
  - libexpat >=2.7.0,<3.0a0
  - libffi >=3.4.6,<3.5.0a0
  - libgcc >=13
  - liblzma >=5.8.1,<6.0a0
  - libnsl >=2.0.1,<2.1.0a0
  - libsqlite >=3.50.0,<4.0a0
  - libuuid >=2.38.1,<3.0a0
  - libxcrypt >=4.4.36
  - libzlib >=1.3.1,<2.0a0
  - ncurses >=6.5,<7.0a0
  - openssl >=3.5.0,<4.0a0
  - readline >=8.2,<9.0a0
  - tk >=8.6.13,<8.7.0a0
  - tzdata
  constrains:
  - python_abi 3.12.* *_cp312
  arch: x86_64
  platform: linux
  license: Python-2.0
  size: 31445023
  timestamp: 1749050216615
- conda: https://conda.anaconda.org/conda-forge/noarch/python_abi-3.12-8_cp312.conda
  build_number: 8
  sha256: 80677180dd3c22deb7426ca89d6203f1c7f1f256f2d5a94dc210f6e758229809
  md5: c3efd25ac4d74b1584d2f7a57195ddf1
  constrains:
  - python 3.12.* *_cpython
  license: BSD-3-Clause
  license_family: BSD
  size: 6958
  timestamp: 1752805918820
- conda: https://conda.anaconda.org/conda-forge/linux-64/readline-8.2-h8c095d6_2.conda
  sha256: 2d6d0c026902561ed77cd646b5021aef2d4db22e57a5b0178dfc669231e06d2c
  md5: 283b96675859b20a825f8fa30f311446
  depends:
  - libgcc >=13
  - ncurses >=6.5,<7.0a0
  arch: x86_64
  platform: linux
  license: GPL-3.0-only
  license_family: GPL
  size: 282480
  timestamp: 1740379431762
- conda: https://conda.anaconda.org/conda-forge/linux-64/scipy-1.16.1-py312h4ebe9ca_0.conda
  sha256: 988c9fb07058639c3ff6d8e1171a11dbd64bcc14d5b2dfe3039b610f6667b316
  md5: b01bd2fd775d142ead214687b793d20d
  depends:
  - __glibc >=2.17,<3.0.a0
  - libblas >=3.9.0,<4.0a0
  - libcblas >=3.9.0,<4.0a0
  - libgcc >=14
  - libgfortran
  - libgfortran5 >=14.3.0
  - liblapack >=3.9.0,<4.0a0
  - libstdcxx >=14
  - numpy <2.6
  - numpy >=1.23,<3
  - numpy >=1.25.2
  - python >=3.12,<3.13.0a0
  - python_abi 3.12.* *_cp312
  arch: x86_64
  platform: linux
  license: BSD-3-Clause
  size: 17190354
  timestamp: 1754970575489
- conda: https://conda.anaconda.org/conda-forge/linux-64/tk-8.6.13-noxft_hd72426e_102.conda
  sha256: a84ff687119e6d8752346d1d408d5cf360dee0badd487a472aa8ddedfdc219e1
  md5: a0116df4f4ed05c303811a837d5b39d8
  depends:
  - __glibc >=2.17,<3.0.a0
  - libgcc >=13
  - libzlib >=1.3.1,<2.0a0
  arch: x86_64
  platform: linux
  license: TCL
  license_family: BSD
  size: 3285204
  timestamp: 1748387766691
- conda: https://conda.anaconda.org/conda-forge/noarch/tzdata-2025b-h78e105d_0.conda
  sha256: 5aaa366385d716557e365f0a4e9c3fca43ba196872abbbe3d56bb610d131e192
  md5: 4222072737ccff51314b5ece9c7d6f5a
  license: LicenseRef-Public-Domain
  size: 122968
  timestamp: 1742727099393
